// !$*UTF8*$!
{
	archiveVersion = 1;
	classes = {
	};
	objectVersion = 56;
	objects = {

/* Begin PBXBuildFile section */
		2655787229EF2EA40055B0F1 /* TimerItem.swift in Sources */ = {isa = PBXBuildFile; fileRef = 2655786E29EF2CA40055B0F1 /* TimerItem.swift */; };
		2655A41029E9F3E200115834 /* ComposableArchitecture in Frameworks */ = {isa = PBXBuildFile; productRef = 2655A40F29E9F3E200115834 /* ComposableArchitecture */; };
		2655A41329E9F40300115834 /* TimerView.swift in Sources */ = {isa = PBXBuildFile; fileRef = 2655A41229E9F40300115834 /* TimerView.swift */; };
		2655A41729E9F69900115834 /* TimerListItemView.swift in Sources */ = {isa = PBXBuildFile; fileRef = 2655A41629E9F69900115834 /* TimerListItemView.swift */; };
		26EDFC622971F6B200BB5EAF /* PomoApp.swift in Sources */ = {isa = PBXBuildFile; fileRef = 26EDFC612971F6B200BB5EAF /* PomoApp.swift */; };
		26EDFC662971F6B300BB5EAF /* Assets.xcassets in Resources */ = {isa = PBXBuildFile; fileRef = 26EDFC652971F6B300BB5EAF /* Assets.xcassets */; };
		26EDFC692971F6B300BB5EAF /* Preview Assets.xcassets in Resources */ = {isa = PBXBuildFile; fileRef = 26EDFC682971F6B300BB5EAF /* Preview Assets.xcassets */; };
		26EDFC702973517B00BB5EAF /* SinkingButtonStyle.swift in Sources */ = {isa = PBXBuildFile; fileRef = 26EDFC6F2973517B00BB5EAF /* SinkingButtonStyle.swift */; };
		26EFF93B29EDC99B000A4608 /* PomodoroView.swift in Sources */ = {isa = PBXBuildFile; fileRef = 26EFF93A29EDC99B000A4608 /* PomodoroView.swift */; };
		26EFF93D29EDC9AC000A4608 /* Pomodoro.swift in Sources */ = {isa = PBXBuildFile; fileRef = 26EFF93C29EDC9AC000A4608 /* Pomodoro.swift */; };
		26EFF94529EDD65B000A4608 /* PomodoroTests.swift in Sources */ = {isa = PBXBuildFile; fileRef = 26EFF94429EDD65B000A4608 /* PomodoroTests.swift */; };
/* End PBXBuildFile section */

/* Begin PBXContainerItemProxy section */
		26EFF94629EDD65B000A4608 /* PBXContainerItemProxy */ = {
			isa = PBXContainerItemProxy;
			containerPortal = 26EDFC562971F6B200BB5EAF /* Project object */;
			proxyType = 1;
			remoteGlobalIDString = 26EDFC5D2971F6B200BB5EAF;
			remoteInfo = Pomo;
		};
/* End PBXContainerItemProxy section */

/* Begin PBXFileReference section */
		2655786E29EF2CA40055B0F1 /* TimerItem.swift */ = {isa = PBXFileReference; lastKnownFileType = sourcecode.swift; path = TimerItem.swift; sourceTree = "<group>"; };
		2655A41229E9F40300115834 /* TimerView.swift */ = {isa = PBXFileReference; lastKnownFileType = sourcecode.swift; path = TimerView.swift; sourceTree = "<group>"; };
		2655A41629E9F69900115834 /* TimerListItemView.swift */ = {isa = PBXFileReference; lastKnownFileType = sourcecode.swift; path = TimerListItemView.swift; sourceTree = "<group>"; };
		269552E629EDE752008EE7B5 /* Pomo.xctestplan */ = {isa = PBXFileReference; lastKnownFileType = text; path = Pomo.xctestplan; sourceTree = "<group>"; };
		26EDFC5E2971F6B200BB5EAF /* Pomo.app */ = {isa = PBXFileReference; explicitFileType = wrapper.application; includeInIndex = 0; path = Pomo.app; sourceTree = BUILT_PRODUCTS_DIR; };
		26EDFC612971F6B200BB5EAF /* PomoApp.swift */ = {isa = PBXFileReference; lastKnownFileType = sourcecode.swift; path = PomoApp.swift; sourceTree = "<group>"; };
		26EDFC652971F6B300BB5EAF /* Assets.xcassets */ = {isa = PBXFileReference; lastKnownFileType = folder.assetcatalog; path = Assets.xcassets; sourceTree = "<group>"; };
		26EDFC682971F6B300BB5EAF /* Preview Assets.xcassets */ = {isa = PBXFileReference; lastKnownFileType = folder.assetcatalog; path = "Preview Assets.xcassets"; sourceTree = "<group>"; };
		26EDFC6F2973517B00BB5EAF /* SinkingButtonStyle.swift */ = {isa = PBXFileReference; lastKnownFileType = sourcecode.swift; path = SinkingButtonStyle.swift; sourceTree = "<group>"; };
		26EFF93A29EDC99B000A4608 /* PomodoroView.swift */ = {isa = PBXFileReference; lastKnownFileType = sourcecode.swift; path = PomodoroView.swift; sourceTree = "<group>"; };
		26EFF93C29EDC9AC000A4608 /* Pomodoro.swift */ = {isa = PBXFileReference; lastKnownFileType = sourcecode.swift; path = Pomodoro.swift; sourceTree = "<group>"; };
		26EFF94229EDD65B000A4608 /* PomoTests.xctest */ = {isa = PBXFileReference; explicitFileType = wrapper.cfbundle; includeInIndex = 0; path = PomoTests.xctest; sourceTree = BUILT_PRODUCTS_DIR; };
		26EFF94429EDD65B000A4608 /* PomodoroTests.swift */ = {isa = PBXFileReference; lastKnownFileType = sourcecode.swift; path = PomodoroTests.swift; sourceTree = "<group>"; };
/* End PBXFileReference section */

/* Begin PBXFrameworksBuildPhase section */
		26EDFC5B2971F6B200BB5EAF /* Frameworks */ = {
			isa = PBXFrameworksBuildPhase;
			buildActionMask = 2147483647;
			files = (
				2655A41029E9F3E200115834 /* ComposableArchitecture in Frameworks */,
			);
			runOnlyForDeploymentPostprocessing = 0;
		};
		26EFF93F29EDD65B000A4608 /* Frameworks */ = {
			isa = PBXFrameworksBuildPhase;
			buildActionMask = 2147483647;
			files = (
			);
			runOnlyForDeploymentPostprocessing = 0;
		};
/* End PBXFrameworksBuildPhase section */

/* Begin PBXGroup section */
		2655786D29EF2C9B0055B0F1 /* Models */ = {
			isa = PBXGroup;
			children = (
				2655786E29EF2CA40055B0F1 /* TimerItem.swift */,
			);
			path = Models;
			sourceTree = "<group>";
		};
		2655A41129E9F3ED00115834 /* Views */ = {
			isa = PBXGroup;
			children = (
				2655A41229E9F40300115834 /* TimerView.swift */,
				2655A41629E9F69900115834 /* TimerListItemView.swift */,
			);
			path = Views;
			sourceTree = "<group>";
		};
		26EDFC552971F6B200BB5EAF = {
			isa = PBXGroup;
			children = (
				269552E629EDE752008EE7B5 /* Pomo.xctestplan */,
				26EDFC602971F6B200BB5EAF /* Pomo */,
				26EFF94329EDD65B000A4608 /* PomoTests */,
				26EDFC5F2971F6B200BB5EAF /* Products */,
				26EFF94B29EDD6AE000A4608 /* Frameworks */,
			);
			sourceTree = "<group>";
		};
		26EDFC5F2971F6B200BB5EAF /* Products */ = {
			isa = PBXGroup;
			children = (
				26EDFC5E2971F6B200BB5EAF /* Pomo.app */,
				26EFF94229EDD65B000A4608 /* PomoTests.xctest */,
			);
			name = Products;
			sourceTree = "<group>";
		};
		26EDFC602971F6B200BB5EAF /* Pomo */ = {
			isa = PBXGroup;
			children = (
				26EFF93829EDC979000A4608 /* Features */,
				2655A41129E9F3ED00115834 /* Views */,
				26EDFC612971F6B200BB5EAF /* PomoApp.swift */,
				26EDFC652971F6B300BB5EAF /* Assets.xcassets */,
				26EDFC672971F6B300BB5EAF /* Preview Content */,
				26EDFC6F2973517B00BB5EAF /* SinkingButtonStyle.swift */,
			);
			path = Pomo;
			sourceTree = "<group>";
		};
		26EDFC672971F6B300BB5EAF /* Preview Content */ = {
			isa = PBXGroup;
			children = (
				26EDFC682971F6B300BB5EAF /* Preview Assets.xcassets */,
			);
			path = "Preview Content";
			sourceTree = "<group>";
		};
		26EFF93829EDC979000A4608 /* Features */ = {
			isa = PBXGroup;
			children = (
				26EFF93929EDC97F000A4608 /* App */,
			);
			path = Features;
			sourceTree = "<group>";
		};
		26EFF93929EDC97F000A4608 /* App */ = {
			isa = PBXGroup;
			children = (
				26EFF93A29EDC99B000A4608 /* PomodoroView.swift */,
				26EFF93C29EDC9AC000A4608 /* Pomodoro.swift */,
			);
			path = App;
			sourceTree = "<group>";
		};
		26EFF94329EDD65B000A4608 /* PomoTests */ = {
			isa = PBXGroup;
			children = (
				2655786D29EF2C9B0055B0F1 /* Models */,
				26EFF94429EDD65B000A4608 /* PomodoroTests.swift */,
			);
			path = PomoTests;
			sourceTree = "<group>";
		};
		26EFF94B29EDD6AE000A4608 /* Frameworks */ = {
			isa = PBXGroup;
			children = (
			);
			name = Frameworks;
			sourceTree = "<group>";
		};
/* End PBXGroup section */

/* Begin PBXNativeTarget section */
		26EDFC5D2971F6B200BB5EAF /* Pomo */ = {
			isa = PBXNativeTarget;
			buildConfigurationList = 26EDFC6C2971F6B300BB5EAF /* Build configuration list for PBXNativeTarget "Pomo" */;
			buildPhases = (
				26EDFC5A2971F6B200BB5EAF /* Sources */,
				26EDFC5B2971F6B200BB5EAF /* Frameworks */,
				26EDFC5C2971F6B200BB5EAF /* Resources */,
			);
			buildRules = (
			);
			dependencies = (
			);
			name = Pomo;
			packageProductDependencies = (
				2655A40F29E9F3E200115834 /* ComposableArchitecture */,
			);
			productName = Pomo;
			productReference = 26EDFC5E2971F6B200BB5EAF /* Pomo.app */;
			productType = "com.apple.product-type.application";
		};
		26EFF94129EDD65B000A4608 /* PomoTests */ = {
			isa = PBXNativeTarget;
			buildConfigurationList = 26EFF94829EDD65B000A4608 /* Build configuration list for PBXNativeTarget "PomoTests" */;
			buildPhases = (
				26EFF93E29EDD65B000A4608 /* Sources */,
				26EFF93F29EDD65B000A4608 /* Frameworks */,
				26EFF94029EDD65B000A4608 /* Resources */,
			);
			buildRules = (
			);
			dependencies = (
				26EFF94729EDD65B000A4608 /* PBXTargetDependency */,
			);
			name = PomoTests;
			packageProductDependencies = (
			);
			productName = PomoTests;
			productReference = 26EFF94229EDD65B000A4608 /* PomoTests.xctest */;
			productType = "com.apple.product-type.bundle.unit-test";
		};
/* End PBXNativeTarget section */

/* Begin PBXProject section */
		26EDFC562971F6B200BB5EAF /* Project object */ = {
			isa = PBXProject;
			attributes = {
				BuildIndependentTargetsInParallel = 1;
				LastSwiftUpdateCheck = 1420;
				LastUpgradeCheck = 1420;
				TargetAttributes = {
					26EDFC5D2971F6B200BB5EAF = {
						CreatedOnToolsVersion = 14.2;
					};
					26EFF94129EDD65B000A4608 = {
						CreatedOnToolsVersion = 14.2;
						TestTargetID = 26EDFC5D2971F6B200BB5EAF;
					};
				};
			};
			buildConfigurationList = 26EDFC592971F6B200BB5EAF /* Build configuration list for PBXProject "Pomo" */;
			compatibilityVersion = "Xcode 14.0";
			developmentRegion = en;
			hasScannedForEncodings = 0;
			knownRegions = (
				en,
				Base,
			);
			mainGroup = 26EDFC552971F6B200BB5EAF;
			packageReferences = (
				2655A40E29E9F3E200115834 /* XCRemoteSwiftPackageReference "swift-composable-architecture" */,
			);
			productRefGroup = 26EDFC5F2971F6B200BB5EAF /* Products */;
			projectDirPath = "";
			projectRoot = "";
			targets = (
				26EDFC5D2971F6B200BB5EAF /* Pomo */,
				26EFF94129EDD65B000A4608 /* PomoTests */,
			);
		};
/* End PBXProject section */

/* Begin PBXResourcesBuildPhase section */
		26EDFC5C2971F6B200BB5EAF /* Resources */ = {
			isa = PBXResourcesBuildPhase;
			buildActionMask = 2147483647;
			files = (
				26EDFC692971F6B300BB5EAF /* Preview Assets.xcassets in Resources */,
				26EDFC662971F6B300BB5EAF /* Assets.xcassets in Resources */,
			);
			runOnlyForDeploymentPostprocessing = 0;
		};
		26EFF94029EDD65B000A4608 /* Resources */ = {
			isa = PBXResourcesBuildPhase;
			buildActionMask = 2147483647;
			files = (
			);
			runOnlyForDeploymentPostprocessing = 0;
		};
/* End PBXResourcesBuildPhase section */

/* Begin PBXSourcesBuildPhase section */
		26EDFC5A2971F6B200BB5EAF /* Sources */ = {
			isa = PBXSourcesBuildPhase;
			buildActionMask = 2147483647;
			files = (
				2655787229EF2EA40055B0F1 /* TimerItem.swift in Sources */,
				2655A41729E9F69900115834 /* TimerListItemView.swift in Sources */,
				26EFF93B29EDC99B000A4608 /* PomodoroView.swift in Sources */,
				26EDFC702973517B00BB5EAF /* SinkingButtonStyle.swift in Sources */,
				2655A41329E9F40300115834 /* TimerView.swift in Sources */,
				26EFF93D29EDC9AC000A4608 /* Pomodoro.swift in Sources */,
				26EDFC622971F6B200BB5EAF /* PomoApp.swift in Sources */,
			);
			runOnlyForDeploymentPostprocessing = 0;
		};
		26EFF93E29EDD65B000A4608 /* Sources */ = {
			isa = PBXSourcesBuildPhase;
			buildActionMask = 2147483647;
			files = (
				26EFF94529EDD65B000A4608 /* PomodoroTests.swift in Sources */,
			);
			runOnlyForDeploymentPostprocessing = 0;
		};
/* End PBXSourcesBuildPhase section */

/* Begin PBXTargetDependency section */
		26EFF94729EDD65B000A4608 /* PBXTargetDependency */ = {
			isa = PBXTargetDependency;
			target = 26EDFC5D2971F6B200BB5EAF /* Pomo */;
			targetProxy = 26EFF94629EDD65B000A4608 /* PBXContainerItemProxy */;
		};
/* End PBXTargetDependency section */

/* Begin XCBuildConfiguration section */
		26EDFC6A2971F6B300BB5EAF /* Debug */ = {
			isa = XCBuildConfiguration;
			buildSettings = {
				ALWAYS_SEARCH_USER_PATHS = NO;
				CLANG_ANALYZER_NONNULL = YES;
				CLANG_ANALYZER_NUMBER_OBJECT_CONVERSION = YES_AGGRESSIVE;
				CLANG_CXX_LANGUAGE_STANDARD = "gnu++20";
				CLANG_ENABLE_MODULES = YES;
				CLANG_ENABLE_OBJC_ARC = YES;
				CLANG_ENABLE_OBJC_WEAK = YES;
				CLANG_WARN_BLOCK_CAPTURE_AUTORELEASING = YES;
				CLANG_WARN_BOOL_CONVERSION = YES;
				CLANG_WARN_COMMA = YES;
				CLANG_WARN_CONSTANT_CONVERSION = YES;
				CLANG_WARN_DEPRECATED_OBJC_IMPLEMENTATIONS = YES;
				CLANG_WARN_DIRECT_OBJC_ISA_USAGE = YES_ERROR;
				CLANG_WARN_DOCUMENTATION_COMMENTS = YES;
				CLANG_WARN_EMPTY_BODY = YES;
				CLANG_WARN_ENUM_CONVERSION = YES;
				CLANG_WARN_INFINITE_RECURSION = YES;
				CLANG_WARN_INT_CONVERSION = YES;
				CLANG_WARN_NON_LITERAL_NULL_CONVERSION = YES;
				CLANG_WARN_OBJC_IMPLICIT_RETAIN_SELF = YES;
				CLANG_WARN_OBJC_LITERAL_CONVERSION = YES;
				CLANG_WARN_OBJC_ROOT_CLASS = YES_ERROR;
				CLANG_WARN_QUOTED_INCLUDE_IN_FRAMEWORK_HEADER = YES;
				CLANG_WARN_RANGE_LOOP_ANALYSIS = YES;
				CLANG_WARN_STRICT_PROTOTYPES = YES;
				CLANG_WARN_SUSPICIOUS_MOVE = YES;
				CLANG_WARN_UNGUARDED_AVAILABILITY = YES_AGGRESSIVE;
				CLANG_WARN_UNREACHABLE_CODE = YES;
				CLANG_WARN__DUPLICATE_METHOD_MATCH = YES;
				COPY_PHASE_STRIP = NO;
				DEBUG_INFORMATION_FORMAT = dwarf;
				ENABLE_STRICT_OBJC_MSGSEND = YES;
				ENABLE_TESTABILITY = YES;
				GCC_C_LANGUAGE_STANDARD = gnu11;
				GCC_DYNAMIC_NO_PIC = NO;
				GCC_NO_COMMON_BLOCKS = YES;
				GCC_OPTIMIZATION_LEVEL = 0;
				GCC_PREPROCESSOR_DEFINITIONS = (
					"DEBUG=1",
					"$(inherited)",
				);
				GCC_WARN_64_TO_32_BIT_CONVERSION = YES;
				GCC_WARN_ABOUT_RETURN_TYPE = YES_ERROR;
				GCC_WARN_UNDECLARED_SELECTOR = YES;
				GCC_WARN_UNINITIALIZED_AUTOS = YES_AGGRESSIVE;
				GCC_WARN_UNUSED_FUNCTION = YES;
				GCC_WARN_UNUSED_VARIABLE = YES;
				IPHONEOS_DEPLOYMENT_TARGET = 16.2;
				MTL_ENABLE_DEBUG_INFO = INCLUDE_SOURCE;
				MTL_FAST_MATH = YES;
				ONLY_ACTIVE_ARCH = YES;
				SDKROOT = iphoneos;
				SWIFT_ACTIVE_COMPILATION_CONDITIONS = DEBUG;
				SWIFT_OPTIMIZATION_LEVEL = "-Onone";
			};
			name = Debug;
		};
		26EDFC6B2971F6B300BB5EAF /* Release */ = {
			isa = XCBuildConfiguration;
			buildSettings = {
				ALWAYS_SEARCH_USER_PATHS = NO;
				CLANG_ANALYZER_NONNULL = YES;
				CLANG_ANALYZER_NUMBER_OBJECT_CONVERSION = YES_AGGRESSIVE;
				CLANG_CXX_LANGUAGE_STANDARD = "gnu++20";
				CLANG_ENABLE_MODULES = YES;
				CLANG_ENABLE_OBJC_ARC = YES;
				CLANG_ENABLE_OBJC_WEAK = YES;
				CLANG_WARN_BLOCK_CAPTURE_AUTORELEASING = YES;
				CLANG_WARN_BOOL_CONVERSION = YES;
				CLANG_WARN_COMMA = YES;
				CLANG_WARN_CONSTANT_CONVERSION = YES;
				CLANG_WARN_DEPRECATED_OBJC_IMPLEMENTATIONS = YES;
				CLANG_WARN_DIRECT_OBJC_ISA_USAGE = YES_ERROR;
				CLANG_WARN_DOCUMENTATION_COMMENTS = YES;
				CLANG_WARN_EMPTY_BODY = YES;
				CLANG_WARN_ENUM_CONVERSION = YES;
				CLANG_WARN_INFINITE_RECURSION = YES;
				CLANG_WARN_INT_CONVERSION = YES;
				CLANG_WARN_NON_LITERAL_NULL_CONVERSION = YES;
				CLANG_WARN_OBJC_IMPLICIT_RETAIN_SELF = YES;
				CLANG_WARN_OBJC_LITERAL_CONVERSION = YES;
				CLANG_WARN_OBJC_ROOT_CLASS = YES_ERROR;
				CLANG_WARN_QUOTED_INCLUDE_IN_FRAMEWORK_HEADER = YES;
				CLANG_WARN_RANGE_LOOP_ANALYSIS = YES;
				CLANG_WARN_STRICT_PROTOTYPES = YES;
				CLANG_WARN_SUSPICIOUS_MOVE = YES;
				CLANG_WARN_UNGUARDED_AVAILABILITY = YES_AGGRESSIVE;
				CLANG_WARN_UNREACHABLE_CODE = YES;
				CLANG_WARN__DUPLICATE_METHOD_MATCH = YES;
				COPY_PHASE_STRIP = NO;
				DEBUG_INFORMATION_FORMAT = "dwarf-with-dsym";
				ENABLE_NS_ASSERTIONS = NO;
				ENABLE_STRICT_OBJC_MSGSEND = YES;
				GCC_C_LANGUAGE_STANDARD = gnu11;
				GCC_NO_COMMON_BLOCKS = YES;
				GCC_WARN_64_TO_32_BIT_CONVERSION = YES;
				GCC_WARN_ABOUT_RETURN_TYPE = YES_ERROR;
				GCC_WARN_UNDECLARED_SELECTOR = YES;
				GCC_WARN_UNINITIALIZED_AUTOS = YES_AGGRESSIVE;
				GCC_WARN_UNUSED_FUNCTION = YES;
				GCC_WARN_UNUSED_VARIABLE = YES;
				IPHONEOS_DEPLOYMENT_TARGET = 16.2;
				MTL_ENABLE_DEBUG_INFO = NO;
				MTL_FAST_MATH = YES;
				SDKROOT = iphoneos;
				SWIFT_COMPILATION_MODE = wholemodule;
				SWIFT_OPTIMIZATION_LEVEL = "-O";
				VALIDATE_PRODUCT = YES;
			};
			name = Release;
		};
		26EDFC6D2971F6B300BB5EAF /* Debug */ = {
			isa = XCBuildConfiguration;
			buildSettings = {
				ASSETCATALOG_COMPILER_APPICON_NAME = AppIcon;
				ASSETCATALOG_COMPILER_GLOBAL_ACCENT_COLOR_NAME = AccentColor;
				CODE_SIGN_STYLE = Automatic;
				CURRENT_PROJECT_VERSION = 1;
				DEVELOPMENT_ASSET_PATHS = "\"Pomo/Preview Content\"";
				DEVELOPMENT_TEAM = XWKDRVV69Q;
				ENABLE_PREVIEWS = YES;
				GENERATE_INFOPLIST_FILE = YES;
				INFOPLIST_KEY_UIApplicationSceneManifest_Generation = YES;
				INFOPLIST_KEY_UIApplicationSupportsIndirectInputEvents = YES;
				INFOPLIST_KEY_UILaunchScreen_Generation = YES;
				INFOPLIST_KEY_UISupportedInterfaceOrientations_iPad = "UIInterfaceOrientationPortrait UIInterfaceOrientationPortraitUpsideDown UIInterfaceOrientationLandscapeLeft UIInterfaceOrientationLandscapeRight";
				INFOPLIST_KEY_UISupportedInterfaceOrientations_iPhone = "UIInterfaceOrientationPortrait UIInterfaceOrientationLandscapeLeft UIInterfaceOrientationLandscapeRight";
				LD_RUNPATH_SEARCH_PATHS = (
					"$(inherited)",
					"@executable_path/Frameworks",
				);
				MARKETING_VERSION = 1.0;
				PRODUCT_BUNDLE_IDENTIFIER = monday.com.Pomo;
				PRODUCT_NAME = "$(TARGET_NAME)";
				SWIFT_EMIT_LOC_STRINGS = YES;
				SWIFT_VERSION = 5.0;
				TARGETED_DEVICE_FAMILY = "1,2";
			};
			name = Debug;
		};
		26EDFC6E2971F6B300BB5EAF /* Release */ = {
			isa = XCBuildConfiguration;
			buildSettings = {
				ASSETCATALOG_COMPILER_APPICON_NAME = AppIcon;
				ASSETCATALOG_COMPILER_GLOBAL_ACCENT_COLOR_NAME = AccentColor;
				CODE_SIGN_STYLE = Automatic;
				CURRENT_PROJECT_VERSION = 1;
				DEVELOPMENT_ASSET_PATHS = "\"Pomo/Preview Content\"";
				DEVELOPMENT_TEAM = XWKDRVV69Q;
				ENABLE_PREVIEWS = YES;
				GENERATE_INFOPLIST_FILE = YES;
				INFOPLIST_KEY_UIApplicationSceneManifest_Generation = YES;
				INFOPLIST_KEY_UIApplicationSupportsIndirectInputEvents = YES;
				INFOPLIST_KEY_UILaunchScreen_Generation = YES;
				INFOPLIST_KEY_UISupportedInterfaceOrientations_iPad = "UIInterfaceOrientationPortrait UIInterfaceOrientationPortraitUpsideDown UIInterfaceOrientationLandscapeLeft UIInterfaceOrientationLandscapeRight";
				INFOPLIST_KEY_UISupportedInterfaceOrientations_iPhone = "UIInterfaceOrientationPortrait UIInterfaceOrientationLandscapeLeft UIInterfaceOrientationLandscapeRight";
				LD_RUNPATH_SEARCH_PATHS = (
					"$(inherited)",
					"@executable_path/Frameworks",
				);
				MARKETING_VERSION = 1.0;
				PRODUCT_BUNDLE_IDENTIFIER = monday.com.Pomo;
				PRODUCT_NAME = "$(TARGET_NAME)";
				SWIFT_EMIT_LOC_STRINGS = YES;
				SWIFT_VERSION = 5.0;
				TARGETED_DEVICE_FAMILY = "1,2";
			};
			name = Release;
		};
		26EFF94929EDD65B000A4608 /* Debug */ = {
			isa = XCBuildConfiguration;
			buildSettings = {
				BUNDLE_LOADER = "$(TEST_HOST)";
				CODE_SIGN_STYLE = Automatic;
				CURRENT_PROJECT_VERSION = 1;
				DEVELOPMENT_TEAM = XWKDRVV69Q;
				GENERATE_INFOPLIST_FILE = YES;
				MARKETING_VERSION = 1.0;
				PRODUCT_BUNDLE_IDENTIFIER = com.freak4pc.PomoTests;
				PRODUCT_NAME = "$(TARGET_NAME)";
				SWIFT_EMIT_LOC_STRINGS = NO;
				SWIFT_VERSION = 5.0;
				TARGETED_DEVICE_FAMILY = "1,2";
				TEST_HOST = "$(BUILT_PRODUCTS_DIR)/Pomo.app/$(BUNDLE_EXECUTABLE_FOLDER_PATH)/Pomo";
			};
			name = Debug;
		};
		26EFF94A29EDD65B000A4608 /* Release */ = {
			isa = XCBuildConfiguration;
			buildSettings = {
				BUNDLE_LOADER = "$(TEST_HOST)";
				CODE_SIGN_STYLE = Automatic;
				CURRENT_PROJECT_VERSION = 1;
				DEVELOPMENT_TEAM = XWKDRVV69Q;
				GENERATE_INFOPLIST_FILE = YES;
				MARKETING_VERSION = 1.0;
				PRODUCT_BUNDLE_IDENTIFIER = com.freak4pc.PomoTests;
				PRODUCT_NAME = "$(TARGET_NAME)";
				SWIFT_EMIT_LOC_STRINGS = NO;
				SWIFT_VERSION = 5.0;
				TARGETED_DEVICE_FAMILY = "1,2";
				TEST_HOST = "$(BUILT_PRODUCTS_DIR)/Pomo.app/$(BUNDLE_EXECUTABLE_FOLDER_PATH)/Pomo";
			};
			name = Release;
		};
/* End XCBuildConfiguration section */

/* Begin XCConfigurationList section */
		26EDFC592971F6B200BB5EAF /* Build configuration list for PBXProject "Pomo" */ = {
			isa = XCConfigurationList;
			buildConfigurations = (
				26EDFC6A2971F6B300BB5EAF /* Debug */,
				26EDFC6B2971F6B300BB5EAF /* Release */,
			);
			defaultConfigurationIsVisible = 0;
			defaultConfigurationName = Release;
		};
		26EDFC6C2971F6B300BB5EAF /* Build configuration list for PBXNativeTarget "Pomo" */ = {
			isa = XCConfigurationList;
			buildConfigurations = (
				26EDFC6D2971F6B300BB5EAF /* Debug */,
				26EDFC6E2971F6B300BB5EAF /* Release */,
			);
			defaultConfigurationIsVisible = 0;
			defaultConfigurationName = Release;
		};
		26EFF94829EDD65B000A4608 /* Build configuration list for PBXNativeTarget "PomoTests" */ = {
			isa = XCConfigurationList;
			buildConfigurations = (
				26EFF94929EDD65B000A4608 /* Debug */,
				26EFF94A29EDD65B000A4608 /* Release */,
			);
			defaultConfigurationIsVisible = 0;
			defaultConfigurationName = Release;
		};
/* End XCConfigurationList section */

/* Begin XCRemoteSwiftPackageReference section */
		2655A40E29E9F3E200115834 /* XCRemoteSwiftPackageReference "swift-composable-architecture" */ = {
			isa = XCRemoteSwiftPackageReference;
			repositoryURL = "https://github.com/pointfreeco/swift-composable-architecture";
			requirement = {
				branch = prerelease/1.0;
				kind = branch;
			};
		};
/* End XCRemoteSwiftPackageReference section */

/* Begin XCSwiftPackageProductDependency section */
		2655A40F29E9F3E200115834 /* ComposableArchitecture */ = {
			isa = XCSwiftPackageProductDependency;
			package = 2655A40E29E9F3E200115834 /* XCRemoteSwiftPackageReference "swift-composable-architecture" */;
			productName = ComposableArchitecture;
		};
/* End XCSwiftPackageProductDependency section */
	};
	rootObject = 26EDFC562971F6B200BB5EAF /* Project object */;
}
